Microsoft Visual Studio Solution File, Format Version 12.00
# Visual Studio Version 17
VisualStudioVersion = 17.5.2.0
MinimumVisualStudioVersion = 10.0.40219.1
Project("{FAE04EC0-301F-11D3-BF4B-00C04F79EFBC}") = "Fracciones3", "Fracciones3.csproj", "{B345E0DD-2604-4FA3-4409-6D13997C3041}"
EndProject
Global
	GlobalSection(SolutionConfigurationPlatforms) = preSolution
		Debug|Any CPU = Debug|Any CPU
		Release|Any CPU = Release|Any CPU
	EndGlobalSection
	GlobalSection(ProjectConfigurationPlatforms) = postSolution
		{B345E0DD-2604-4FA3-4409-6D13997C3041}.Debug|Any CPU.ActiveCfg = Debug|Any CPU
		{B345E0DD-2604-4FA3-4409-6D13997C3041}.Debug|Any CPU.Build.0 = Debug|Any CPU
		{B345E0DD-2604-4FA3-4409-6D13997C3041}.Release|Any CPU.ActiveCfg = Release|Any CPU
		{B345E0DD-2604-4FA3-4409-6D13997C3041}.Release|Any CPU.Build.0 = Release|Any CPU
	EndGlobalSection
	GlobalSection(SolutionProperties) = preSolution
		HideSolutionNode = FALSE
	EndGlobalSection
	GlobalSection(ExtensibilityGlobals) = postSolution
		SolutionGuid = {E8B02020-30BB-454F-A49F-7FCF61E0FB51}
	EndGlobalSection
EndGlobal
