Microsoft Visual Studio Solution File, Format Version 12.00
# Visual Studio Version 17
VisualStudioVersion = 17.5.2.0
MinimumVisualStudioVersion = 10.0.40219.1
Project("{FAE04EC0-301F-11D3-BF4B-00C04F79EFBC}") = "Convertidor", "Convertidor.csproj", "{E901E55F-7171-85E7-EF16-1919A9024F6A}"
EndProject
Global
	GlobalSection(SolutionConfigurationPlatforms) = preSolution
		Debug|Any CPU = Debug|Any CPU
		Release|Any CPU = Release|Any CPU
	EndGlobalSection
	GlobalSection(ProjectConfigurationPlatforms) = postSolution
		{E901E55F-7171-85E7-EF16-1919A9024F6A}.Debug|Any CPU.ActiveCfg = Debug|Any CPU
		{E901E55F-7171-85E7-EF16-1919A9024F6A}.Debug|Any CPU.Build.0 = Debug|Any CPU
		{E901E55F-7171-85E7-EF16-1919A9024F6A}.Release|Any CPU.ActiveCfg = Release|Any CPU
		{E901E55F-7171-85E7-EF16-1919A9024F6A}.Release|Any CPU.Build.0 = Release|Any CPU
	EndGlobalSection
	GlobalSection(SolutionProperties) = preSolution
		HideSolutionNode = FALSE
	EndGlobalSection
	GlobalSection(ExtensibilityGlobals) = postSolution
		SolutionGuid = {03BB17DB-C8A5-48E1-91F4-FF9A5615810E}
	EndGlobalSection
EndGlobal
